<?xml version="1.0" encoding="utf-8"?>
<Project ToolsVersion="4.0" xmlns="http://schemas.microsoft.com/developer/msbuild/2003">
  <ItemGroup>
    <Filter Include="FactoryMethod">
      <UniqueIdentifier>{d0c4db2e-5d9e-4e26-92b9-891ca74c7189}</UniqueIdentifier>
    </Filter>
    <Filter Include="Other">
      <UniqueIdentifier>{fe839017-3f6f-40cc-b4ea-bf116435db02}</UniqueIdentifier>
    </Filter>
    <Filter Include="SimpleFactory">
      <UniqueIdentifier>{d422b154-e461-4f5c-8f0a-a0ebaff4a37e}</UniqueIdentifier>
    </Filter>
    <Filter Include="AbstractFactory">
      <UniqueIdentifier>{b39c06d3-7f44-46af-ad77-5a5aa91d5d2a}</UniqueIdentifier>
    </Filter>
    <Filter Include="StrategyPattern">
      <UniqueIdentifier>{e76a0fc1-2f59-43a8-b975-ed76c6e29fbf}</UniqueIdentifier>
    </Filter>
    <Filter Include="Observer">
      <UniqueIdentifier>{f21026c7-57f4-49e9-b62c-ddde0110dd64}</UniqueIdentifier>
    </Filter>
    <Filter Include="DecoratorPattern">
      <UniqueIdentifier>{84f90cd2-69fd-4005-a4fd-b7e0731a465e}</UniqueIdentifier>
    </Filter>
    <Filter Include="ISO8601Helper">
      <UniqueIdentifier>{5d908032-cb15-4021-b84e-184a9b431b14}</UniqueIdentifier>
    </Filter>
  </ItemGroup>
  <ItemGroup>
    <ClCompile Include="UserInfo.cpp">
      <Filter>Other</Filter>
    </ClCompile>
    <ClCompile Include="FactoryMethod.cpp">
      <Filter>FactoryMethod</Filter>
    </ClCompile>
    <ClCompile Include="SimpleFactory.cpp">
      <Filter>SimpleFactory</Filter>
    </ClCompile>
    <ClCompile Include="AbstractFactory.cpp">
      <Filter>AbstractFactory</Filter>
    </ClCompile>
    <ClCompile Include="StrategyPattern.cpp">
      <Filter>StrategyPattern</Filter>
    </ClCompile>
    <ClCompile Include="Observer.cpp">
      <Filter>Observer</Filter>
    </ClCompile>
    <ClCompile Include="DecoratorPattern\DecoratorPattern.cpp">
      <Filter>DecoratorPattern</Filter>
    </ClCompile>
    <ClCompile Include="ISO8601Helper\ISO8601HelperTest.cpp">
      <Filter>ISO8601Helper</Filter>
    </ClCompile>
  </ItemGroup>
  <ItemGroup>
    <ClInclude Include="UserInfo.h">
      <Filter>Other</Filter>
    </ClInclude>
    <ClInclude Include="FactoryMethod.h">
      <Filter>FactoryMethod</Filter>
    </ClInclude>
    <ClInclude Include="SimpleFactory.h">
      <Filter>SimpleFactory</Filter>
    </ClInclude>
    <ClInclude Include="AbstractFactory.h">
      <Filter>AbstractFactory</Filter>
    </ClInclude>
    <ClInclude Include="StrategyPattern.h">
      <Filter>StrategyPattern</Filter>
    </ClInclude>
    <ClInclude Include="Observer.h">
      <Filter>Observer</Filter>
    </ClInclude>
    <ClInclude Include="DecoratorPattern\DecoratorPattern.h">
      <Filter>DecoratorPattern</Filter>
    </ClInclude>
    <ClInclude Include="ISO8601Helper\ISO8601Helper.h">
      <Filter>ISO8601Helper</Filter>
    </ClInclude>
  </ItemGroup>
</Project>